
Microsoft Visual Studio Solution File, Format Version 12.00
# Visual Studio Version 16
VisualStudioVersion = 16.0.31702.278
MinimumVisualStudioVersion = 10.0.40219.1
Project("{FAE04EC0-301F-11D3-BF4B-00C04F79EFBC}") = "sadalmelik-books", "sadalmelik-books\sadalmelik-books.csproj", "{47CFCD9D-2E2E-422F-B351-45521B70ED09}"
EndProject
Project("{FAE04EC0-301F-11D3-BF4B-00C04F79EFBC}") = "Unit.Tests", "Unit.Tests\Unit.Tests.csproj", "{1742DB06-7E35-4430-9C33-B0DDC12D23B7}"
EndProject
Global
	GlobalSection(SolutionConfigurationPlatforms) = preSolution
		Debug|Any CPU = Debug|Any CPU
		Release|Any CPU = Release|Any CPU
	EndGlobalSection
	GlobalSection(ProjectConfigurationPlatforms) = postSolution
		{47CFCD9D-2E2E-422F-B351-45521B70ED09}.Debug|Any CPU.ActiveCfg = Debug|Any CPU
		{47CFCD9D-2E2E-422F-B351-45521B70ED09}.Debug|Any CPU.Build.0 = Debug|Any CPU
		{47CFCD9D-2E2E-422F-B351-45521B70ED09}.Release|Any CPU.ActiveCfg = Release|Any CPU
		{47CFCD9D-2E2E-422F-B351-45521B70ED09}.Release|Any CPU.Build.0 = Release|Any CPU
		{1742DB06-7E35-4430-9C33-B0DDC12D23B7}.Debug|Any CPU.ActiveCfg = Debug|Any CPU
		{1742DB06-7E35-4430-9C33-B0DDC12D23B7}.Debug|Any CPU.Build.0 = Debug|Any CPU
		{1742DB06-7E35-4430-9C33-B0DDC12D23B7}.Release|Any CPU.ActiveCfg = Release|Any CPU
		{1742DB06-7E35-4430-9C33-B0DDC12D23B7}.Release|Any CPU.Build.0 = Release|Any CPU
	EndGlobalSection
	GlobalSection(SolutionProperties) = preSolution
		HideSolutionNode = FALSE
	EndGlobalSection
	GlobalSection(ExtensibilityGlobals) = postSolution
		SolutionGuid = {AC6D4660-1808-42F5-8472-4F27A3D31417}
	EndGlobalSection
EndGlobal
